
Microsoft Visual Studio Solution File, Format Version 12.00
# Visual Studio Version 16
VisualStudioVersion = 16.0.30011.22
MinimumVisualStudioVersion = 15.0.26124.0
Project("{9A19103F-16F7-4668-BE54-9A1E7A4F7556}") = "Framework", "src\framework\Framework.csproj", "{9DA161B8-B1CA-4A05-BE37-40AC4C99ABFE}"
EndProject
Project("{9A19103F-16F7-4668-BE54-9A1E7A4F7556}") = "Framework.Security", "src\framework.security\Framework.Security.csproj", "{BF41F11E-F60E-46D7-A8DA-1D223286692F}"
EndProject
Project("{9A19103F-16F7-4668-BE54-9A1E7A4F7556}") = "Framework.Logs", "src\framework.logs\Framework.Logs.csproj", "{CB44AFE2-5D23-407C-A031-AEFE8F67292E}"
EndProject
Project("{9A19103F-16F7-4668-BE54-9A1E7A4F7556}") = "Framework.Caches", "src\framework.caches\Framework.Caches.csproj", "{26629891-3720-4D7E-8368-95B395F772A0}"
EndProject
Project("{9A19103F-16F7-4668-BE54-9A1E7A4F7556}") = "Framework.DataLayer.NH", "src\framework.datalayer.nh\Framework.DataLayer.NH.csproj", "{0F0B5832-4631-4805-9CB7-965480DA9C59}"
EndProject
Project("{9A19103F-16F7-4668-BE54-9A1E7A4F7556}") = "Framework.Web.Applications", "src\framework.web.application\Framework.Web.Applications.csproj", "{670DF1B2-1BFD-4D39-9896-BBAECA10232E}"
EndProject
Project("{9A19103F-16F7-4668-BE54-9A1E7A4F7556}") = "Framework.Web.Mvc", "src\framework.web.mvc\Framework.Web.Mvc.csproj", "{57C25AA7-A4C9-4D70-A33F-09BD7B8565BD}"
EndProject
Project("{2150E333-8FDC-42A3-9474-1A3956D46DE8}") = "0.Core", "0.Core", "{0C43BD58-71BE-45EA-B15E-DF7897BFC26C}"
EndProject
Project("{2150E333-8FDC-42A3-9474-1A3956D46DE8}") = "1.Tools", "1.Tools", "{BAF901D0-1777-4BC0-883D-BC755EA9EE7D}"
EndProject
Project("{2150E333-8FDC-42A3-9474-1A3956D46DE8}") = "2.DataLayer", "2.DataLayer", "{20C3D8B2-8471-4D06-ADC7-4E66DA1130DC}"
EndProject
Project("{2150E333-8FDC-42A3-9474-1A3956D46DE8}") = "3.Web", "3.Web", "{BD301DA8-7D8E-48AA-A8BD-F42E94B8909F}"
EndProject
Project("{9A19103F-16F7-4668-BE54-9A1E7A4F7556}") = "Framework.Pdf.Reports", "src\framework.pdf.reports\Framework.Pdf.Reports.csproj", "{83BE627E-7445-40CA-92FA-2BA01457D705}"
EndProject
Project("{2150E333-8FDC-42A3-9474-1A3956D46DE8}") = "4-Ui", "4-Ui", "{C86A27C1-99AC-4848-8BCF-DB8346865BE2}"
EndProject
Project("{9A19103F-16F7-4668-BE54-9A1E7A4F7556}") = "Framework.Ui.Blazor", "src\framework.ui.blazor\Framework.Ui.Blazor.csproj", "{5EBD9DCF-3333-41CC-9CA0-C0BD955C3672}"
EndProject
Project("{9A19103F-16F7-4668-BE54-9A1E7A4F7556}") = "Framework.Ui.Blazor.Common", "src\framework.ui.blazor.common\Framework.Ui.Blazor.Common.csproj", "{151DE37B-6AB4-4F48-8335-3509E8C87194}"
EndProject
Project("{2150E333-8FDC-42A3-9474-1A3956D46DE8}") = "Common", "Common", "{FC669875-08F1-47FD-B948-EA7DCDA686AF}"
EndProject
Project("{2150E333-8FDC-42A3-9474-1A3956D46DE8}") = "Tests", "Tests", "{9DCBE8BF-BCD5-4484-B788-83AA4E1D3E00}"
EndProject
Project("{9A19103F-16F7-4668-BE54-9A1E7A4F7556}") = "Framework.Blazor.Tests", "src\framework.blazor.tests\Framework.Blazor.Tests.csproj", "{0D3E56A3-D226-4E07-8D01-6968C212B1F4}"
EndProject
Global
	GlobalSection(SolutionConfigurationPlatforms) = preSolution
		Debug|Any CPU = Debug|Any CPU
		Release|Any CPU = Release|Any CPU
	EndGlobalSection
	GlobalSection(ProjectConfigurationPlatforms) = postSolution
		{9DA161B8-B1CA-4A05-BE37-40AC4C99ABFE}.Debug|Any CPU.ActiveCfg = Debug|Any CPU
		{9DA161B8-B1CA-4A05-BE37-40AC4C99ABFE}.Debug|Any CPU.Build.0 = Debug|Any CPU
		{9DA161B8-B1CA-4A05-BE37-40AC4C99ABFE}.Release|Any CPU.ActiveCfg = Release|Any CPU
		{9DA161B8-B1CA-4A05-BE37-40AC4C99ABFE}.Release|Any CPU.Build.0 = Release|Any CPU
		{BF41F11E-F60E-46D7-A8DA-1D223286692F}.Debug|Any CPU.ActiveCfg = Debug|Any CPU
		{BF41F11E-F60E-46D7-A8DA-1D223286692F}.Debug|Any CPU.Build.0 = Debug|Any CPU
		{BF41F11E-F60E-46D7-A8DA-1D223286692F}.Release|Any CPU.ActiveCfg = Release|Any CPU
		{BF41F11E-F60E-46D7-A8DA-1D223286692F}.Release|Any CPU.Build.0 = Release|Any CPU
		{CB44AFE2-5D23-407C-A031-AEFE8F67292E}.Debug|Any CPU.ActiveCfg = Debug|Any CPU
		{CB44AFE2-5D23-407C-A031-AEFE8F67292E}.Debug|Any CPU.Build.0 = Debug|Any CPU
		{CB44AFE2-5D23-407C-A031-AEFE8F67292E}.Release|Any CPU.ActiveCfg = Release|Any CPU
		{CB44AFE2-5D23-407C-A031-AEFE8F67292E}.Release|Any CPU.Build.0 = Release|Any CPU
		{26629891-3720-4D7E-8368-95B395F772A0}.Debug|Any CPU.ActiveCfg = Debug|Any CPU
		{26629891-3720-4D7E-8368-95B395F772A0}.Debug|Any CPU.Build.0 = Debug|Any CPU
		{26629891-3720-4D7E-8368-95B395F772A0}.Release|Any CPU.ActiveCfg = Release|Any CPU
		{26629891-3720-4D7E-8368-95B395F772A0}.Release|Any CPU.Build.0 = Release|Any CPU
		{0F0B5832-4631-4805-9CB7-965480DA9C59}.Debug|Any CPU.ActiveCfg = Debug|Any CPU
		{0F0B5832-4631-4805-9CB7-965480DA9C59}.Debug|Any CPU.Build.0 = Debug|Any CPU
		{0F0B5832-4631-4805-9CB7-965480DA9C59}.Release|Any CPU.ActiveCfg = Release|Any CPU
		{0F0B5832-4631-4805-9CB7-965480DA9C59}.Release|Any CPU.Build.0 = Release|Any CPU
		{670DF1B2-1BFD-4D39-9896-BBAECA10232E}.Debug|Any CPU.ActiveCfg = Debug|Any CPU
		{670DF1B2-1BFD-4D39-9896-BBAECA10232E}.Debug|Any CPU.Build.0 = Debug|Any CPU
		{670DF1B2-1BFD-4D39-9896-BBAECA10232E}.Release|Any CPU.ActiveCfg = Release|Any CPU
		{670DF1B2-1BFD-4D39-9896-BBAECA10232E}.Release|Any CPU.Build.0 = Release|Any CPU
		{57C25AA7-A4C9-4D70-A33F-09BD7B8565BD}.Debug|Any CPU.ActiveCfg = Debug|Any CPU
		{57C25AA7-A4C9-4D70-A33F-09BD7B8565BD}.Debug|Any CPU.Build.0 = Debug|Any CPU
		{57C25AA7-A4C9-4D70-A33F-09BD7B8565BD}.Release|Any CPU.ActiveCfg = Release|Any CPU
		{57C25AA7-A4C9-4D70-A33F-09BD7B8565BD}.Release|Any CPU.Build.0 = Release|Any CPU
		{83BE627E-7445-40CA-92FA-2BA01457D705}.Debug|Any CPU.ActiveCfg = Debug|Any CPU
		{83BE627E-7445-40CA-92FA-2BA01457D705}.Debug|Any CPU.Build.0 = Debug|Any CPU
		{83BE627E-7445-40CA-92FA-2BA01457D705}.Release|Any CPU.ActiveCfg = Release|Any CPU
		{83BE627E-7445-40CA-92FA-2BA01457D705}.Release|Any CPU.Build.0 = Release|Any CPU
		{5EBD9DCF-3333-41CC-9CA0-C0BD955C3672}.Debug|Any CPU.ActiveCfg = Debug|Any CPU
		{5EBD9DCF-3333-41CC-9CA0-C0BD955C3672}.Debug|Any CPU.Build.0 = Debug|Any CPU
		{5EBD9DCF-3333-41CC-9CA0-C0BD955C3672}.Release|Any CPU.ActiveCfg = Release|Any CPU
		{5EBD9DCF-3333-41CC-9CA0-C0BD955C3672}.Release|Any CPU.Build.0 = Release|Any CPU
		{151DE37B-6AB4-4F48-8335-3509E8C87194}.Debug|Any CPU.ActiveCfg = Debug|Any CPU
		{151DE37B-6AB4-4F48-8335-3509E8C87194}.Debug|Any CPU.Build.0 = Debug|Any CPU
		{151DE37B-6AB4-4F48-8335-3509E8C87194}.Release|Any CPU.ActiveCfg = Release|Any CPU
		{151DE37B-6AB4-4F48-8335-3509E8C87194}.Release|Any CPU.Build.0 = Release|Any CPU
		{0D3E56A3-D226-4E07-8D01-6968C212B1F4}.Debug|Any CPU.ActiveCfg = Debug|Any CPU
		{0D3E56A3-D226-4E07-8D01-6968C212B1F4}.Debug|Any CPU.Build.0 = Debug|Any CPU
		{0D3E56A3-D226-4E07-8D01-6968C212B1F4}.Release|Any CPU.ActiveCfg = Release|Any CPU
		{0D3E56A3-D226-4E07-8D01-6968C212B1F4}.Release|Any CPU.Build.0 = Release|Any CPU
	EndGlobalSection
	GlobalSection(SolutionProperties) = preSolution
		HideSolutionNode = FALSE
	EndGlobalSection
	GlobalSection(NestedProjects) = preSolution
		{9DA161B8-B1CA-4A05-BE37-40AC4C99ABFE} = {0C43BD58-71BE-45EA-B15E-DF7897BFC26C}
		{BF41F11E-F60E-46D7-A8DA-1D223286692F} = {0C43BD58-71BE-45EA-B15E-DF7897BFC26C}
		{CB44AFE2-5D23-407C-A031-AEFE8F67292E} = {0C43BD58-71BE-45EA-B15E-DF7897BFC26C}
		{26629891-3720-4D7E-8368-95B395F772A0} = {BAF901D0-1777-4BC0-883D-BC755EA9EE7D}
		{0F0B5832-4631-4805-9CB7-965480DA9C59} = {20C3D8B2-8471-4D06-ADC7-4E66DA1130DC}
		{670DF1B2-1BFD-4D39-9896-BBAECA10232E} = {BD301DA8-7D8E-48AA-A8BD-F42E94B8909F}
		{57C25AA7-A4C9-4D70-A33F-09BD7B8565BD} = {BD301DA8-7D8E-48AA-A8BD-F42E94B8909F}
		{83BE627E-7445-40CA-92FA-2BA01457D705} = {BAF901D0-1777-4BC0-883D-BC755EA9EE7D}
		{5EBD9DCF-3333-41CC-9CA0-C0BD955C3672} = {C86A27C1-99AC-4848-8BCF-DB8346865BE2}
		{151DE37B-6AB4-4F48-8335-3509E8C87194} = {FC669875-08F1-47FD-B948-EA7DCDA686AF}
		{FC669875-08F1-47FD-B948-EA7DCDA686AF} = {C86A27C1-99AC-4848-8BCF-DB8346865BE2}
		{0D3E56A3-D226-4E07-8D01-6968C212B1F4} = {9DCBE8BF-BCD5-4484-B788-83AA4E1D3E00}
	EndGlobalSection
	GlobalSection(ExtensibilityGlobals) = postSolution
		SolutionGuid = {8D076CBC-879A-4018-8B8B-0F1CDBCBAB1D}
	EndGlobalSection
EndGlobal
